
Microsoft Visual Studio Solution File, Format Version 12.00
# Visual Studio 15
VisualStudioVersion = 15.0.28010.2048
MinimumVisualStudioVersion = 10.0.40219.1
Project("{FAE04EC0-301F-11D3-BF4B-00C04F79EFBC}") = "WebServices", "WebServices\WebServices.csproj", "{AAF15662-6918-48DE-84BA-56B2FEA76F37}"
EndProject
Global
	GlobalSection(SolutionConfigurationPlatforms) = preSolution
		Debug|Any CPU = Debug|Any CPU
		Release|Any CPU = Release|Any CPU
	EndGlobalSection
	GlobalSection(ProjectConfigurationPlatforms) = postSolution
		{AAF15662-6918-48DE-84BA-56B2FEA76F37}.Debug|Any CPU.ActiveCfg = Debug|Any CPU
		{AAF15662-6918-48DE-84BA-56B2FEA76F37}.Debug|Any CPU.Build.0 = Debug|Any CPU
		{AAF15662-6918-48DE-84BA-56B2FEA76F37}.Release|Any CPU.ActiveCfg = Release|Any CPU
		{AAF15662-6918-48DE-84BA-56B2FEA76F37}.Release|Any CPU.Build.0 = Release|Any CPU
	EndGlobalSection
	GlobalSection(SolutionProperties) = preSolution
		HideSolutionNode = FALSE
	EndGlobalSection
	GlobalSection(ExtensibilityGlobals) = postSolution
		SolutionGuid = {CC7B9754-0F0E-4280-8D4A-20EFC8652AFC}
	EndGlobalSection
EndGlobal
